Microsoft Visual Studio Solution File, Format Version 12.00
# Visual Studio Version 17
VisualStudioVersion = 17.5.2.0
MinimumVisualStudioVersion = 10.0.40219.1
Project("{FAE04EC0-301F-11D3-BF4B-00C04F79EFBC}") = "ExpenseCareApi", "ExpenseCareApi\ExpenseCareApi.csproj", "{7BC97358-BA17-1348-7A5D-29252CCAF832}"
EndProject
Global
	GlobalSection(SolutionConfigurationPlatforms) = preSolution
		Debug|Any CPU = Debug|Any CPU
		Release|Any CPU = Release|Any CPU
	EndGlobalSection
	GlobalSection(ProjectConfigurationPlatforms) = postSolution
		{7BC97358-BA17-1348-7A5D-29252CCAF832}.Debug|Any CPU.ActiveCfg = Debug|Any CPU
		{7BC97358-BA17-1348-7A5D-29252CCAF832}.Debug|Any CPU.Build.0 = Debug|Any CPU
		{7BC97358-BA17-1348-7A5D-29252CCAF832}.Release|Any CPU.ActiveCfg = Release|Any CPU
		{7BC97358-BA17-1348-7A5D-29252CCAF832}.Release|Any CPU.Build.0 = Release|Any CPU
	EndGlobalSection
	GlobalSection(SolutionProperties) = preSolution
		HideSolutionNode = FALSE
	EndGlobalSection
	GlobalSection(ExtensibilityGlobals) = postSolution
		SolutionGuid = {4E86AA27-F1B8-4170-B5CC-F00BAAED4B67}
	EndGlobalSection
EndGlobal
